# THIS IS AN AUTOGENERATED FILE. DO NOT EDIT THIS FILE DIRECTLY.
# yarn lockfile v1


"@ant-design/colors@^3.1.0":
  version "3.2.2"
  resolved "https://registry.yarnpkg.com/@ant-design/colors/-/colors-3.2.2.tgz#5ad43d619e911f3488ebac303d606e66a8423903"
  integrity sha512-YKgNbG2dlzqMhA9NtI3/pbY16m3Yl/EeWBRa+lB1X1YaYxHrxNexiQYCLTWO/uDvAjLFMEDU+zR901waBtMtjQ==
  dependencies:
    tinycolor2 "^1.4.1"

"@ant-design/colors@^4.0.5":
  version "4.0.5"
  resolved "https://registry.yarnpkg.com/@ant-design/colors/-/colors-4.0.5.tgz#d7d100d7545cca8f624954604a6892fc48ba5aae"
  integrity sha512-3mnuX2prnWOWvpFTS2WH2LoouWlOgtnIpc6IarWN6GOzzLF8dW/U8UctuvIPhoboETehZfJ61XP+CGakBEPJ3Q==
  dependencies:
    tinycolor2 "^1.4.1"

"@ant-design/css-animation@^1.7.2":
  version "1.7.3"
  resolved "https://registry.yarnpkg.com/@ant-design/css-animation/-/css-animation-1.7.3.tgz#60a1c970014e86b28f940510d69e503e428f1136"
  integrity sha512-LrX0OGZtW+W6iLnTAqnTaoIsRelYeuLZWsrmBJFUXDALQphPsN8cE5DCsmoSlL0QYb94BQxINiuS70Ar/8BNgA==

"@ant-design/icons-svg@^4.0.0":
  version "4.1.0"
  resolved "https://registry.yarnpkg.com/@ant-design/icons-svg/-/icons-svg-4.1.0.tgz#480b025f4b20ef7fe8f47d4a4846e4fee84ea06c"
  integrity sha512-Fi03PfuUqRs76aI3UWYpP864lkrfPo0hluwGqh7NJdLhvH4iRDc3jbJqZIvRDLHKbXrvAfPPV3+zjUccfFvWOQ==

"@ant-design/icons@^4.2.1", "@ant-design/icons@^4.2.2":
  version "4.2.2"
  resolved "https://registry.yarnpkg.com/@ant-design/icons/-/icons-4.2.2.tgz#6533c5a02aec49238ec4748074845ad7d85a4f5e"
  integrity sha512-DrVV+wcupnHS7PehJ6KiTcJtAR5c25UMgjGECCc6pUT9rsvw0AuYG+a4HDjfxEQuDqKTHwW+oX/nIvCymyLE8Q==
  dependencies:
    "@ant-design/colors" "^3.1.0"
    "@ant-design/icons-svg" "^4.0.0"
    "@babel/runtime" "^7.10.4"
    classnames "^2.2.6"
    insert-css "^2.0.0"
    rc-util "^5.0.1"

"@ant-design/react-slick@~0.27.0":
  version "0.27.10"
  resolved "https://registry.yarnpkg.com/@ant-design/react-slick/-/react-slick-0.27.10.tgz#84b01288ad1a9b049f1ff537d85b765d397b60c1"
  integrity sha512-Lg/9RlGaYGeFjB1UkvK50xUKf7XgIVpxXVPkm+45/VoA66c3uC1KN5yRxx7AEayHcSPZDqO9TGvMXu1WbbY2vw==
  dependencies:
    "@babel/runtime" "^7.10.4"
    classnames "^2.2.5"
    json2mq "^0.2.0"
    lodash "^4.17.15"
    resize-observer-polyfill "^1.5.0"

"@babel/runtime@^7.10.1", "@babel/runtime@^7.10.2", "@babel/runtime@^7.10.4", "@babel/runtime@^7.11.1", "@babel/runtime@^7.11.2", "@babel/runtime@^7.8.4":
  version "7.11.2"
  resolved "https://registry.yarnpkg.com/@babel/runtime/-/runtime-7.11.2.tgz#f549c13c754cc40b87644b9fa9f09a6a95fe0736"
  integrity sha512-TeWkU52so0mPtDcaCTxNBI/IHiz0pZgr8VEFqXFtZWpYD08ZB6FaSwVAS8MKRQAP3bYKiVjwysOJgMFY28o6Tw==
  dependencies:
    regenerator-runtime "^0.13.4"

"@jonjomckay/flow-ui@^0.5.3":
  version "0.5.3"
  resolved "https://registry.yarnpkg.com/@jonjomckay/flow-ui/-/flow-ui-0.5.3.tgz#64ccd9ef050de5fd54603f0874a37690e0083c29"
  integrity sha512-DvZAjAYk5v7m/8t+7YJ8aD5FX99vVxRKOSmFKAuQ50KQgc5W5+rlB+c3YmKpm+16utu97sg7b0hP0whijhPslA==
  dependencies:
    axios "^0.20.0-0"
    classnames "^2.2.6"

"@types/ace@0.0.42":
  version "0.0.42"
  resolved "https://registry.yarnpkg.com/@types/ace/-/ace-0.0.42.tgz#941973bc5c1d5c9213f0561b8b2d82a18e1400ea"
  integrity sha512-ZakacqExJnGSoz0fSFtSL1A1Df+MIqTIPBBMl1ppEU8wS5AWGx0EPQPOyiAazkyMrskI0iG16tT+K1ZmIJGGnA==

"@types/hoist-non-react-statics@^3.3.0":
  version "3.3.1"
  resolved "https://registry.yarnpkg.com/@types/hoist-non-react-statics/-/hoist-non-react-statics-3.3.1.tgz#1124aafe5118cb591977aeb1ceaaed1070eb039f"
  integrity sha512-iMIqiko6ooLrTh1joXodJK5X9xeEALT1kM5G3ZLhD3hszxBdIEd5C75U834D9mLcINgD4OyZf5uQXjkuYydWvA==
  dependencies:
    "@types/react" "*"
    hoist-non-react-statics "^3.3.0"

"@types/prop-types@*":
  version "15.7.3"
  resolved "https://registry.yarnpkg.com/@types/prop-types/-/prop-types-15.7.3.tgz#2ab0d5da2e5815f94b0b9d4b95d1e5f243ab2ca7"
  integrity sha512-KfRL3PuHmqQLOG+2tGpRO26Ctg+Cq1E01D2DMriKEATHgWLfeNDmq9e29Q9WIky0dQ3NPkd1mzYH8Lm936Z9qw==

"@types/react-dom@^16.9.8":
  version "16.9.8"
  resolved "https://registry.yarnpkg.com/@types/react-dom/-/react-dom-16.9.8.tgz#fe4c1e11dfc67155733dfa6aa65108b4971cb423"
  integrity sha512-ykkPQ+5nFknnlU6lDd947WbQ6TE3NNzbQAkInC2EKY1qeYdTKp7onFusmYZb+ityzx2YviqT6BXSu+LyWWJwcA==
  dependencies:
    "@types/react" "*"

"@types/react-redux@^7.1.9":
  version "7.1.9"
  resolved "https://registry.yarnpkg.com/@types/react-redux/-/react-redux-7.1.9.tgz#280c13565c9f13ceb727ec21e767abe0e9b4aec3"
  integrity sha512-mpC0jqxhP4mhmOl3P4ipRsgTgbNofMRXJb08Ms6gekViLj61v1hOZEKWDCyWsdONr6EjEA6ZHXC446wdywDe0w==
  dependencies:
    "@types/hoist-non-react-statics" "^3.3.0"
    "@types/react" "*"
    hoist-non-react-statics "^3.3.0"
    redux "^4.0.0"

"@types/react@*", "@types/react@^16.9.35":
  version "16.9.48"
  resolved "https://registry.yarnpkg.com/@types/react/-/react-16.9.48.tgz#d3387329f070d1b1bc0ff4a54a54ceefd5a8485c"
  integrity sha512-4ykBVswgYitPGMXFRxJCHkxJDU2rjfU3/zw67f8+dB7sNdVJXsrwqoYxz/stkAucymnEEbRPFmX7Ce5Mc/kJCw==
  dependencies:
    "@types/prop-types" "*"
    csstype "^3.0.2"

antd@^4.4.1:
  version "4.6.1"
  resolved "https://registry.yarnpkg.com/antd/-/antd-4.6.1.tgz#d204215d3d00a3ac51a2e93ec2ee1a49adbdb705"
  integrity sha512-RsqbFvUNSZ5K114492BNo4p+4MpCUpzIsZLu0XFlufYLyIE3pyw184OZjPnJ7b4qlMEvlIoE14N8qCb4BnZF0w==
  dependencies:
    "@ant-design/colors" "^4.0.5"
    "@ant-design/css-animation" "^1.7.2"
    "@ant-design/icons" "^4.2.1"
    "@ant-design/react-slick" "~0.27.0"
    "@babel/runtime" "^7.10.4"
    array-tree-filter "^2.1.0"
    classnames "^2.2.6"
    copy-to-clipboard "^3.2.0"
    lodash "^4.17.20"
    moment "^2.25.3"
    omit.js "^2.0.2"
    raf "^3.4.1"
    rc-animate "~3.1.0"
    rc-cascader "~1.3.0"
    rc-checkbox "~2.3.0"
    rc-collapse "~2.0.0"
    rc-dialog "~8.1.0"
    rc-drawer "~4.1.0"
    rc-dropdown "~3.1.2"
    rc-field-form "~1.10.0"
    rc-image "~3.0.2"
    rc-input-number "~6.0.0"
    rc-mentions "~1.4.0"
    rc-menu "~8.5.2"
    rc-motion "^1.0.0"
    rc-notification "~4.4.0"
    rc-pagination "~3.0.3"
    rc-picker "~2.0.6"
    rc-progress "~3.0.0"
    rc-rate "~2.8.2"
    rc-resize-observer "^0.2.3"
    rc-select "~11.1.0"
    rc-slider "~9.3.0"
    rc-steps "~4.1.0"
    rc-switch "~3.2.0"
    rc-table "~7.9.2"
    rc-tabs "~11.6.0"
    rc-textarea "~0.3.0"
    rc-tooltip "~4.2.0"
    rc-tree "~3.9.0"
    rc-tree-select "~4.1.1"
    rc-trigger "~4.4.0"
    rc-upload "~3.2.0"
    rc-util "^5.0.1"
    scroll-into-view-if-needed "^2.2.25"
    warning "^4.0.3"

array-tree-filter@^2.1.0:
  version "2.1.0"
  resolved "https://registry.yarnpkg.com/array-tree-filter/-/array-tree-filter-2.1.0.tgz#873ac00fec83749f255ac8dd083814b4f6329190"
  integrity sha512-4ROwICNlNw/Hqa9v+rk5h22KjmzB1JGTMVKP2AKJBOCgb0yL0ASf0+YvCcLNNwquOHNX48jkeZIJ3a+oOQqKcw==

async-validator@^3.0.3:
  version "3.4.0"
  resolved "https://registry.yarnpkg.com/async-validator/-/async-validator-3.4.0.tgz#871b3e594124bf4c4eb7bcd1a9e78b44f3b09cae"
  integrity sha512-VrFk4eYiJAWKskEz115iiuCf9O0ftnMMPXrOFMqyzGH2KxO7YwncKyn/FgOOP+0MDHMfXL7gLExagCutaZGigA==

axios@^0.20.0-0:
  version "0.20.0"
  resolved "https://registry.yarnpkg.com/axios/-/axios-0.20.0.tgz#057ba30f04884694993a8cd07fa394cff11c50bd"
  integrity sha512-ANA4rr2BDcmmAQLOKft2fufrtuvlqR+cXNNinUmvfeSNCOF98PZL+7M/v1zIdGo7OLjEA9J2gXJL+j4zGsl0bA==
  dependencies:
    follow-redirects "^1.10.0"

classnames@2.x, classnames@^2.2.1, classnames@^2.2.3, classnames@^2.2.5, classnames@^2.2.6:
  version "2.2.6"
  resolved "https://registry.yarnpkg.com/classnames/-/classnames-2.2.6.tgz#43935bffdd291f326dad0a205309b38d00f650ce"
  integrity sha512-JR/iSQOSt+LQIWwrwEzJ9uk0xfN3mTVYMwt1Ir5mUcSN6pU+V4zQFFaJsclJbPuAUQH+yfWef6tm7l1quW3C8Q==

compute-scroll-into-view@^1.0.14:
  version "1.0.14"
  resolved "https://registry.yarnpkg.com/compute-scroll-into-view/-/compute-scroll-into-view-1.0.14.tgz#80e3ebb25d6aa89f42e533956cb4b16a04cfe759"
  integrity sha512-mKDjINe3tc6hGelUMNDzuhorIUZ7kS7BwyY0r2wQd2HOH2tRuJykiC06iSEX8y1TuhNzvz4GcJnK16mM2J1NMQ==

copy-to-clipboard@^3.2.0:
  version "3.3.1"
  resolved "https://registry.yarnpkg.com/copy-to-clipboard/-/copy-to-clipboard-3.3.1.tgz#115aa1a9998ffab6196f93076ad6da3b913662ae"
  integrity sha512-i13qo6kIHTTpCm8/Wup+0b1mVWETvu2kIMzKoK8FpkLkFxlt0znUAHcMzox+T8sPlqtZXq3CulEjQHsYiGFJUw==
  dependencies:
    toggle-selection "^1.0.6"

csstype@^3.0.2:
  version "3.0.3"
  resolved "https://registry.yarnpkg.com/csstype/-/csstype-3.0.3.tgz#2b410bbeba38ba9633353aff34b05d9755d065f8"
  integrity sha512-jPl+wbWPOWJ7SXsWyqGRk3lGecbar0Cb0OvZF/r/ZU011R4YqiRehgkQ9p4eQfo9DSDLqLL3wHwfxeJiuIsNag==

date-fns@^2.15.0:
  version "2.15.0"
  resolved "https://registry.yarnpkg.com/date-fns/-/date-fns-2.15.0.tgz#424de6b3778e4e69d3ff27046ec136af58ae5d5f"
  integrity sha512-ZCPzAMJZn3rNUvvQIMlXhDr4A+Ar07eLeGsGREoWU19a3Pqf5oYa+ccd+B3F6XVtQY6HANMFdOQ8A+ipFnvJdQ==

dayjs@^1.8.30:
  version "1.8.34"
  resolved "https://registry.yarnpkg.com/dayjs/-/dayjs-1.8.34.tgz#d3ad33cc43d6b0f24cb8686b90aad2c653708069"
  integrity sha512-Olb+E6EoMvdPmAMq2QoucuyZycKHjTlBXmRx8Ada+wGtq4SIXuDCdtoaX4KkK0yjf1fJLnwXQURr8gQKWKaybw==

dom-align@^1.7.0:
  version "1.12.0"
  resolved "https://registry.yarnpkg.com/dom-align/-/dom-align-1.12.0.tgz#56fb7156df0b91099830364d2d48f88963f5a29c"
  integrity sha512-YkoezQuhp3SLFGdOlr5xkqZ640iXrnHAwVYcDg8ZKRUtO7mSzSC2BA5V0VuyAwPSJA4CLIc6EDDJh4bEsD2+zA==

errno@^0.1.1:
  version "0.1.7"
  resolved "https://registry.yarnpkg.com/errno/-/errno-0.1.7.tgz#4684d71779ad39af177e3f007996f7c67c852618"
  integrity sha512-MfrRBDWzIWifgq6tJj60gkAwtLNb6sQPlcFrSOflcP1aFmmruKQ2wRnze/8V6kgyz7H3FF8Npzv78mZ7XLLflg==
  dependencies:
    prr "~1.0.1"

follow-redirects@^1.10.0:
  version "1.14.1"
  resolved "https://registry.yarnpkg.com/follow-redirects/-/follow-redirects-1.14.1.tgz#d9114ded0a1cfdd334e164e6662ad02bfd91ff43"
  integrity sha512-HWqDgT7ZEkqRzBvc2s64vSZ/hfOceEol3ac/7tKwzuvEyWx3/4UegXh5oBOIotkGsObyk3xznnSRVADBgWSQVg==

graceful-fs@^4.1.2:
  version "4.2.4"
  resolved "https://registry.yarnpkg.com/graceful-fs/-/graceful-fs-4.2.4.tgz#2256bde14d3632958c465ebc96dc467ca07a29fb"
  integrity sha512-WjKPNJF79dtJAVniUlGGWHYGz2jWxT6VhN/4m1NdkbZ2nOsEF+cI1Edgql5zCRhs/VsQYRvrXctxktVXZUkixw==

hoist-non-react-statics@^3.3.0, hoist-non-react-statics@^3.3.2:
  version "3.3.2"
  resolved "https://registry.yarnpkg.com/hoist-non-react-statics/-/hoist-non-react-statics-3.3.2.tgz#ece0acaf71d62c2969c2ec59feff42a4b1a85b45"
  integrity sha512-/gGivxi8JPKWNm/W0jSmzcMPpfpPLc3dY/6GxhX2hQ9iGj3aDfklV4ET7NjKpSinLpJ5vafa9iiGIEZg10SfBw==
  dependencies:
    react-is "^16.7.0"

image-size@~0.5.0:
  version "0.5.5"
  resolved "https://registry.yarnpkg.com/image-size/-/image-size-0.5.5.tgz#09dfd4ab9d20e29eb1c3e80b8990378df9e3cb9c"
  integrity sha1-Cd/Uq50g4p6xw+gLiZA3jfnjy5w=

insert-css@^2.0.0:
  version "2.0.0"
  resolved "https://registry.yarnpkg.com/insert-css/-/insert-css-2.0.0.tgz#eb5d1097b7542f4c79ea3060d3aee07d053880f4"
  integrity sha1-610Ql7dUL0x56jBg067gfQU4gPQ=

"jodit@git+https://github.com/xdan/jodit.git#26556c0517f6453c2a6822afc33f8aa8a08a84a1":
  version "3.3.24"
  resolved "git+https://github.com/xdan/jodit.git#26556c0517f6453c2a6822afc33f8aa8a08a84a1"
  dependencies:
    "@types/ace" "0.0.42"

"js-tokens@^3.0.0 || ^4.0.0":
  version "4.0.0"
  resolved "https://registry.yarnpkg.com/js-tokens/-/js-tokens-4.0.0.tgz#19203fb59991df98e3a287050d4647cdeaf32499"
  integrity sha512-RdJUflcE3cUzKiMqQgsCu06FPu9UdIJO0beYbPhHN4k6apgJtifcoCtT9bcxOpYBtpD2kCM6Sbzg4CausW/PKQ==

json2mq@^0.2.0:
  version "0.2.0"
  resolved "https://registry.yarnpkg.com/json2mq/-/json2mq-0.2.0.tgz#b637bd3ba9eabe122c83e9720483aeb10d2c904a"
  integrity sha1-tje9O6nqvhIsg+lyBIOusQ0skEo=
  dependencies:
    string-convert "^0.2.0"

less@^3.12.2:
  version "3.12.2"
  resolved "https://registry.yarnpkg.com/less/-/less-3.12.2.tgz#157e6dd32a68869df8859314ad38e70211af3ab4"
  integrity sha512-+1V2PCMFkL+OIj2/HrtrvZw0BC0sYLMICJfbQjuj/K8CEnlrFX6R5cKKgzzttsZDHyxQNL1jqMREjKN3ja/E3Q==
  dependencies:
    tslib "^1.10.0"
  optionalDependencies:
    errno "^0.1.1"
    graceful-fs "^4.1.2"
    image-size "~0.5.0"
    make-dir "^2.1.0"
    mime "^1.4.1"
    native-request "^1.0.5"
    source-map "~0.6.0"

lodash@^4.17.15, lodash@^4.17.20:
  version "4.17.21"
  resolved "https://registry.yarnpkg.com/lodash/-/lodash-4.17.21.tgz#679591c564c3bffaae8454cf0b3df370c3d6911c"
  integrity sha512-v2kDEe57lecTulaDIuNTPy3Ry4gLGJ6Z1O3vE1krgXZNrsQ+LFTGHVxVjcXPs17LhbZVGedAJv8XZ1tvj5FvSg==

loose-envify@^1.0.0, loose-envify@^1.4.0:
  version "1.4.0"
  resolved "https://registry.yarnpkg.com/loose-envify/-/loose-envify-1.4.0.tgz#71ee51fa7be4caec1a63839f7e682d8132d30caf"
  integrity sha512-lyuxPGr/Wfhrlem2CL/UcnUc1zcqKAImBDzukY7Y5F/yQiNdko6+fRLevlw1HgMySw7f611UIY408EtxRSoK3Q==
  dependencies:
    js-tokens "^3.0.0 || ^4.0.0"

make-dir@^2.1.0:
  version "2.1.0"
  resolved "https://registry.yarnpkg.com/make-dir/-/make-dir-2.1.0.tgz#5f0310e18b8be898cc07009295a30ae41e91e6f5"
  integrity sha512-LS9X+dc8KLxXCb8dni79fLIIUA5VyZoyjSMCwTluaXA0o27cCK0bhXkpgw+sTXVpPy/lSO57ilRixqk0vDmtRA==
  dependencies:
    pify "^4.0.1"
    semver "^5.6.0"

mime@^1.4.1:
  version "1.6.0"
  resolved "https://registry.yarnpkg.com/mime/-/mime-1.6.0.tgz#32cd9e5c64553bd58d19a568af452acff04981b1"
  integrity sha512-x0Vn8spI+wuJ1O6S7gnbaQg8Pxh4NNHb7KSINmEWKiPE4RKOplvijn+NkmYmmRgP68mc70j2EbeTFRsrswaQeg==

mini-store@^3.0.1:
  version "3.0.6"
  resolved "https://registry.yarnpkg.com/mini-store/-/mini-store-3.0.6.tgz#44b86be5b2877271224ce0689b3a35a2dffb1ca9"
  integrity sha512-YzffKHbYsMQGUWQRKdsearR79QsMzzJcDDmZKlJBqt5JNkqpyJHYlK6gP61O36X+sLf76sO9G6mhKBe83gIZIQ==
  dependencies:
    hoist-non-react-statics "^3.3.2"
    shallowequal "^1.0.2"

moment@^2.24.0, moment@^2.25.3:
  version "2.27.0"
  resolved "https://registry.yarnpkg.com/moment/-/moment-2.27.0.tgz#8bff4e3e26a236220dfe3e36de756b6ebaa0105d"
  integrity sha512-al0MUK7cpIcglMv3YF13qSgdAIqxHTO7brRtaz3DlSULbqfazqkc5kEjNrLDOM7fsjshoFIihnU8snrP7zUvhQ==

native-request@^1.0.5:
  version "1.0.7"
  resolved "https://registry.yarnpkg.com/native-request/-/native-request-1.0.7.tgz#ff742dc555b4c8f2f1c14b548639ba174e573856"
  integrity sha512-9nRjinI9bmz+S7dgNtf4A70+/vPhnd+2krGpy4SUlADuOuSa24IDkNaZ+R/QT1wQ6S8jBdi6wE7fLekFZNfUpQ==

omit.js@^2.0.0, omit.js@^2.0.2:
  version "2.0.2"
  resolved "https://registry.yarnpkg.com/omit.js/-/omit.js-2.0.2.tgz#dd9b8436fab947a5f3ff214cb2538631e313ec2f"
  integrity sha512-hJmu9D+bNB40YpL9jYebQl4lsTW6yEHRTroJzNLqQJYHm7c+NQnJGfZmIWh8S3q3KoaxV1aLhV6B3+0N0/kyJg==

performance-now@^2.1.0:
  version "2.1.0"
  resolved "https://registry.yarnpkg.com/performance-now/-/performance-now-2.1.0.tgz#6309f4e0e5fa913ec1c69307ae364b4b377c9e7b"
  integrity sha1-Ywn04OX6kT7BxpMHrjZLSzd8nns=

pify@^4.0.1:
  version "4.0.1"
  resolved "https://registry.yarnpkg.com/pify/-/pify-4.0.1.tgz#4b2cd25c50d598735c50292224fd8c6df41e3231"
  integrity sha512-uB80kBFb/tfd68bVleG9T5GGsGPjJrLAUpR5PZIrhBnIaRTQRjqdJSsIKkOP6OAIFbj7GOrcudc5pNjZ+geV2g==

prr@~1.0.1:
  version "1.0.1"
  resolved "https://registry.yarnpkg.com/prr/-/prr-1.0.1.tgz#d3fc114ba06995a45ec6893f484ceb1d78f5f476"
  integrity sha1-0/wRS6BplaRexok/SEzrHXj19HY=

raf@^3.4.0, raf@^3.4.1:
  version "3.4.1"
  resolved "https://registry.yarnpkg.com/raf/-/raf-3.4.1.tgz#0742e99a4a6552f445d73e3ee0328af0ff1ede39"
  integrity sha512-Sq4CW4QhwOHE8ucn6J34MqtZCeWFP2aQSmrlroYgqAV1PjStIhJXxYuTgUIfkEk7zTLjmIjLmU5q+fbD1NnOJA==
  dependencies:
    performance-now "^2.1.0"

rc-align@^4.0.0:
  version "4.0.3"
  resolved "https://registry.yarnpkg.com/rc-align/-/rc-align-4.0.3.tgz#9f83e816efd9ec66bb57adf22918794cec0dd7ed"
  integrity sha512-TpI0t1tvAo/wYdoZbZlkCK+MkQBqNuPyRZesfsji4tMlqoqQ0q0MhnC9JD5KGPitMvmSB+KWgFpaN2uTz4hw6Q==
  dependencies:
    "@babel/runtime" "^7.10.1"
    classnames "2.x"
    dom-align "^1.7.0"
    rc-util "^5.0.1"
    resize-observer-polyfill "^1.5.1"

rc-animate@3.x, rc-animate@~3.1.0:
  version "3.1.0"
  resolved "https://registry.yarnpkg.com/rc-animate/-/rc-animate-3.1.0.tgz#051b689c2c7194e4c8ae016d32a0e5f9de6c8baa"
  integrity sha512-8FsM+3B1H+0AyTyGggY6JyVldHTs1CyYT8CfTmG/nGHHXlecvSLeICJhcKgRLjUiQlctNnRtB1rwz79cvBVmrw==
  dependencies:
    "@ant-design/css-animation" "^1.7.2"
    classnames "^2.2.6"
    raf "^3.4.0"
    rc-util "^5.0.1"

rc-cascader@~1.3.0:
  version "1.3.0"
  resolved "https://registry.yarnpkg.com/rc-cascader/-/rc-cascader-1.3.0.tgz#67925c7ac4b732fe06cabb3a9c91631c96d04ccf"
  integrity sha512-wayuMo/dSZixvdpiRFZB4Q6A3omKRXQcJ3CxN02+PNiTEcRnK2KDqKUzrx7GwgMsyH5tz90lUZ91lLaEPNFv0A==
  dependencies:
    array-tree-filter "^2.1.0"
    rc-trigger "^4.0.0"
    rc-util "^5.0.1"
    warning "^4.0.1"

rc-checkbox@~2.3.0:
  version "2.3.1"
  resolved "https://registry.yarnpkg.com/rc-checkbox/-/rc-checkbox-2.3.1.tgz#2a61bc43017c783bd2e9f1a67553bf8efe7aa4d3"
  integrity sha512-i290/iTqmZ0WtI2UPIryqT9rW6O99+an4KeZIyZDH3r+Jbb6YdddaWNdzq7g5m9zaNhJvgjf//wJtC4fvve2Tg==
  dependencies:
    "@babel/runtime" "^7.10.1"
    classnames "^2.2.1"

rc-collapse@~2.0.0:
  version "2.0.0"
  resolved "https://registry.yarnpkg.com/rc-collapse/-/rc-collapse-2.0.0.tgz#08c5942f82005b4342ced02d983581e4c41cd324"
  integrity sha512-R5+Ge1uzwK9G1wZPRPhqQsed4FXTDmU0BKzsqfNBtZdk/wd+yey8ZutmJmSozYc5hQwjPkCvJHV7gOIRZKIlJg==
  dependencies:
    "@ant-design/css-animation" "^1.7.2"
    classnames "2.x"
    rc-animate "3.x"
    react-is "^16.7.0"
    shallowequal "^1.1.0"

rc-dialog@^8.1.0, rc-dialog@~8.1.0:
  version "8.1.1"
  resolved "https://registry.yarnpkg.com/rc-dialog/-/rc-dialog-8.1.1.tgz#ce54bd78e940c030b69d3acfc87874536966a27b"
  integrity sha512-ToyHiMlV94z8LfnmeKoVvu04Pd9+HdwwSHhY2a8IWeYGA5Cjk1WyIZvS+njCsm8rSMM4NqPqFkMZA0N/Iw0NrQ==
  dependencies:
    rc-animate "3.x"
    rc-util "^5.0.1"

rc-drawer@~4.1.0:
  version "4.1.0"
  resolved "https://registry.yarnpkg.com/rc-drawer/-/rc-drawer-4.1.0.tgz#d7bf0bc030300b62d282bc04e053b9acad6b08b4"
  integrity sha512-kjeQFngPjdzAFahNIV0EvEBoIKMOnvUsAxpkSPELoD/1DuR4nLafom5ryma+TIxGwkFJ92W6yjsMi1U9aiOTeQ==
  dependencies:
    "@babel/runtime" "^7.10.1"
    classnames "^2.2.6"
    rc-util "^5.0.1"

rc-dropdown@^3.1.0, rc-dropdown@~3.1.2:
  version "3.1.2"
  resolved "https://registry.yarnpkg.com/rc-dropdown/-/rc-dropdown-3.1.2.tgz#5199bd532ac8519813a347d194ab4b0cee702333"
  integrity sha512-s2W5jqvjTid5DxotGO5FlTBaQWeB+Bu7McQgjB8Ot3Wbl72AIKwLf11+lgbV4mA2vWC1H8DKyn6SW9TKLTi0xg==
  dependencies:
    "@babel/runtime" "^7.10.1"
    classnames "^2.2.6"
    rc-trigger "^4.0.0"

rc-field-form@~1.10.0:
  version "1.10.1"
  resolved "https://registry.yarnpkg.com/rc-field-form/-/rc-field-form-1.10.1.tgz#f6eb76b5f24b58938ebadfc03cdd814c24de7db3"
  integrity sha512-aosTtNTqLYX2jsG5GyCv7axe+b57XH73T7TmmrX/cmhemhtFjvNE6RkRkmtP9VOJnZg5YGC5HfK172cnJ1Ij7Q==
  dependencies:
    "@babel/runtime" "^7.8.4"
    async-validator "^3.0.3"
    rc-util "^5.0.0"

rc-image@~3.0.2:
  version "3.0.3"
  resolved "https://registry.yarnpkg.com/rc-image/-/rc-image-3.0.3.tgz#c7acc385924028d65e1d501eedebedba916285df"
  integrity sha512-swJ9F+G7WlzdnUEkz/xGe2Xr00RNA1nq7VE7/5aOfQxYq06sB4jZMdJ19eUamcBO6sVXfhXe5AOlJTgfGeJ6Ag==
  dependencies:
    "@ant-design/icons" "^4.2.2"
    "@babel/runtime" "^7.11.2"
    classnames "^2.2.6"
    rc-dialog "^8.1.0"
    rc-util "^5.0.6"

rc-input-number@~6.0.0:
  version "6.0.0"
  resolved "https://registry.yarnpkg.com/rc-input-number/-/rc-input-number-6.0.0.tgz#0c0af57c8183f3ca6b87f7edf6fed3bd5a3ba16f"
  integrity sha512-vbe+g7HvR/joknSnvLkBTi9N9I+LsV4kljfuog8WNiS7OAF3aEN0QcHSOQ4+xk6+Hx9P1tU63z2+TyEx8W/j2Q==
  dependencies:
    "@babel/runtime" "^7.10.1"
    classnames "^2.2.5"
    rc-util "^5.0.1"

rc-mentions@~1.4.0:
  version "1.4.2"
  resolved "https://registry.yarnpkg.com/rc-mentions/-/rc-mentions-1.4.2.tgz#534c29622445be8a5c197d405d20491e0ab35cf0"
  integrity sha512-wSmHRF9kFwrbj59mR+u4yVr0KtcrfPw53PYOVizYxYeDfmwaCcSgk29F8OjlDy5jVqUaMhHX5nIiYCePu5Aytg==
  dependencies:
    "@babel/runtime" "^7.10.1"
    classnames "^2.2.6"
    rc-menu "^8.0.1"
    rc-textarea "^0.3.0"
    rc-trigger "^4.3.0"
    rc-util "^5.0.1"

rc-menu@^8.0.1, rc-menu@^8.2.1, rc-menu@~8.5.2:
  version "8.5.3"
  resolved "https://registry.yarnpkg.com/rc-menu/-/rc-menu-8.5.3.tgz#ac427c50929a2bc1a5fb1ce57e187033d3f09361"
  integrity sha512-OLdN+jwhabgyRZDvWYjYpO7RP7wLybhNuAulgGqx1oUPBJrtgVlG/X4HtPb7nypRx/n+eicj6H8CtbCs0L4m/Q==
  dependencies:
    "@babel/runtime" "^7.10.1"
    classnames "2.x"
    mini-store "^3.0.1"
    omit.js "^2.0.0"
    rc-motion "^1.0.1"
    rc-trigger "^4.4.0"
    rc-util "^5.0.1"
    resize-observer-polyfill "^1.5.0"
    shallowequal "^1.1.0"

rc-motion@^1.0.0, rc-motion@^1.0.1:
  version "1.0.2"
  resolved "https://registry.yarnpkg.com/rc-motion/-/rc-motion-1.0.2.tgz#b8aec288642298d74ddc9ac1773e1b600aaa1c25"
  integrity sha512-FDmC9ZdzsXerlTZ+YLu+l5erjkMU98s85SFHdQac+pMy6zQ10RuON6Ntv3ZwP0+qY/YlIsK+0uMXIWOJ9LaLIg==
  dependencies:
    "@babel/runtime" "^7.11.1"
    classnames "^2.2.1"
    raf "^3.4.1"
    rc-util "^5.0.6"

rc-notification@~4.4.0:
  version "4.4.0"
  resolved "https://registry.yarnpkg.com/rc-notification/-/rc-notification-4.4.0.tgz#192d082cd6e2995705f43c6929162631c71e3db1"
  integrity sha512-IDeNAFGVeOsy1tv4zNVqMAXB9tianR80ewQbtObaAQfjwAjWfONdqdyjFkEU6nc6UQhSUYA5OcTGb7kwwbnh0g==
  dependencies:
    "@babel/runtime" "^7.10.1"
    classnames "2.x"
    rc-animate "3.x"
    rc-util "^5.0.1"

rc-pagination@~3.0.3:
  version "3.0.3"
  resolved "https://registry.yarnpkg.com/rc-pagination/-/rc-pagination-3.0.3.tgz#48ce55822e153ed9f9b8961fcb3bb8ecab8df37c"
  integrity sha512-xm6LsiSOAWlxferiL5e0jcun1B9vbvYzcIkqpYZR7YvC5ZrcU9KKihb+DZe3DY+oUc49xhX2qGS4D66ITHqekQ==
  dependencies:
    "@babel/runtime" "^7.10.1"
    classnames "^2.2.1"

rc-picker@~2.0.6:
  version "2.0.9"
  resolved "https://registry.yarnpkg.com/rc-picker/-/rc-picker-2.0.9.tgz#1c9d59a4724747aba6626e4aad8fb79f0080993a"
  integrity sha512-fLVYQYUv+gV9Nr5TXsf//3if7mKaGT/h3roONNSrw3KN86To/ppbfFgvJfzkfdO7zyfY8TpOVhdgYPATehEolg==
  dependencies:
    "@babel/runtime" "^7.10.1"
    classnames "^2.2.1"
    date-fns "^2.15.0"
    dayjs "^1.8.30"
    moment "^2.24.0"
    rc-trigger "^4.0.0"
    rc-util "^5.0.1"
    shallowequal "^1.1.0"

rc-progress@~3.0.0:
  version "3.0.0"
  resolved "https://registry.yarnpkg.com/rc-progress/-/rc-progress-3.0.0.tgz#cea324ce8fc31421cd815d94a4649a8a29f8f8db"
  integrity sha512-dQv1KU3o6Vay604FMYMF4S0x4GNXAgXf1tbQ1QoxeIeQt4d5fUeB7Ri82YPu+G+aRvH/AtxYAlEcnxyVZ1/4Hw==
  dependencies:
    classnames "^2.2.6"

rc-rate@~2.8.2:
  version "2.8.2"
  resolved "https://registry.yarnpkg.com/rc-rate/-/rc-rate-2.8.2.tgz#d82d237d74fd4aef3e0581d2700b646cdd1cd8a2"
  integrity sha512-f9T/D+ZwWQrWHkpidpQbnXpnVMGMC4eSRAkwuu88a8Qv1C/9LNc4AErazoh8tpnZBFqq19F3j0Glv+sDgkfEig==
  dependencies:
    "@babel/runtime" "^7.10.1"
    classnames "^2.2.5"
    rc-util "^5.0.1"

rc-resize-observer@^0.2.0, rc-resize-observer@^0.2.1, rc-resize-observer@^0.2.3:
  version "0.2.5"
  resolved "https://registry.yarnpkg.com/rc-resize-observer/-/rc-resize-observer-0.2.5.tgz#03e3a5c3dfccd6c996a547e4f82721e4f20f6156"
  integrity sha512-cc4sOI722MVoCkGf/ZZybDVsjxvnH0giyDdA7wBJLTiMSFJ0eyxBMnr0JLYoClxftjnr75Xzl/VUB3HDrAx04Q==
  dependencies:
    "@babel/runtime" "^7.10.1"
    classnames "^2.2.1"
    rc-util "^5.0.0"
    resize-observer-polyfill "^1.5.1"

rc-select@^11.1.1, rc-select@~11.1.0:
  version "11.1.6"
  resolved "https://registry.yarnpkg.com/rc-select/-/rc-select-11.1.6.tgz#39bb7c685dc61f65d5d73554df58979587c45b16"
  integrity sha512-X5kCwUGIe3uF5las4bFiXzD3F/hxs5Nz+wpf3xG6esg352ThP5kBROmMOeb91Yo2nOPZyiH6jnLsZLecnyWbZQ==
  dependencies:
    "@babel/runtime" "^7.10.1"
    classnames "2.x"
    rc-motion "^1.0.1"
    rc-trigger "^4.3.0"
    rc-util "^5.0.1"
    rc-virtual-list "^3.0.3"
    warning "^4.0.3"

rc-slider@~9.3.0:
  version "9.3.1"
  resolved "https://registry.yarnpkg.com/rc-slider/-/rc-slider-9.3.1.tgz#444012f3b4847d592b167a9cee6a1a46779a6ef4"
  integrity sha512-c52PWPyrfJWh28K6dixAm0906L3/4MUIxqrNQA4TLnC/Z+cBNycWJUZoJerpwSOE1HdM3XDwixCsmtFc/7aWlQ==
  dependencies:
    "@babel/runtime" "^7.10.1"
    classnames "^2.2.5"
    rc-tooltip "^4.0.0"
    rc-util "^5.0.0"
    shallowequal "^1.1.0"

rc-steps@~4.1.0:
  version "4.1.2"
  resolved "https://registry.yarnpkg.com/rc-steps/-/rc-steps-4.1.2.tgz#370f4c6b40d3888f03b271f1628953c66eb91c04"
  integrity sha512-kTPiojPtJi12Y7whRqlydRgJXQ1u9JlvGchI6xDrmOMZVpCTLpfc/18iu+aHCtCZaSnM2ENU/9lfm/naWVFcRw==
  dependencies:
    "@babel/runtime" "^7.10.2"
    classnames "^2.2.3"
    rc-util "^5.0.1"

rc-switch@~3.2.0:
  version "3.2.1"
  resolved "https://registry.yarnpkg.com/rc-switch/-/rc-switch-3.2.1.tgz#775f8b2c86716431d83d2b13e4710815baafede0"
  integrity sha512-ZXYSmx2U+bpHjljjqS5LGj2UIPcQk0EAq6japkaOzQ/OcyzMwWVD9oXMjcRZdO5W1g/pClIV70uEBOWuBMqP4g==
  dependencies:
    "@babel/runtime" "^7.10.1"
    classnames "^2.2.1"
    rc-util "^5.0.1"

rc-table@~7.9.2:
  version "7.9.5"
  resolved "https://registry.yarnpkg.com/rc-table/-/rc-table-7.9.5.tgz#246b29fac7149b6c1f09ea889a84c887f2f965b8"
  integrity sha512-MENLD5uMBrVH4x02evuXLTEy4m5E5NN88qBLJxvV9/140QjjRSUSqN0GRDC+q52pm4FEIdgaMWiiM1cISGze/w==
  dependencies:
    "@babel/runtime" "^7.10.1"
    classnames "^2.2.5"
    raf "^3.4.1"
    rc-resize-observer "^0.2.0"
    rc-util "^5.0.4"
    shallowequal "^1.1.0"

rc-tabs@~11.6.0:
  version "11.6.1"
  resolved "https://registry.yarnpkg.com/rc-tabs/-/rc-tabs-11.6.1.tgz#a31a277b12f807cc7bdc31476c0d21124ce93e14"
  integrity sha512-fJZUOmwBo2E4WTbucCSZO/N1ZK+d9K/QchgDeycTIqxl5D/xtX0Dw/vC2DFi140OFjAy2JL7H0EmsSeOFfCgzw==
  dependencies:
    "@babel/runtime" "^7.10.1"
    classnames "2.x"
    raf "^3.4.1"
    rc-dropdown "^3.1.0"
    rc-menu "^8.2.1"
    rc-resize-observer "^0.2.1"
    rc-trigger "^4.2.1"
    rc-util "^5.0.0"

rc-textarea@^0.3.0, rc-textarea@~0.3.0:
  version "0.3.0"
  resolved "https://registry.yarnpkg.com/rc-textarea/-/rc-textarea-0.3.0.tgz#9860ef797e00717d8227d1ef4ee7895dd9358ddf"
  integrity sha512-vrTPkPT6wrO7EI8ouLFZZLXA1pFVrVRCnkmyyf0yRComFbcH1ogmFEGu85CjVT96rQqAiQFOe0QV3nKopZOJow==
  dependencies:
    "@babel/runtime" "^7.10.1"
    classnames "^2.2.1"
    omit.js "^2.0.0"
    rc-resize-observer "^0.2.3"

rc-tooltip@^4.0.0, rc-tooltip@~4.2.0:
  version "4.2.1"
  resolved "https://registry.yarnpkg.com/rc-tooltip/-/rc-tooltip-4.2.1.tgz#c1a2d5017ee03a771a9301c0dfdb46dfdf8fef94"
  integrity sha512-oykuaGsHg7RFvPUaxUpxo7ScEqtH61C66x4JUmjlFlSS8gSx2L8JFtfwM1D68SLBxUqGqJObtxj4TED75gQTiA==
  dependencies:
    rc-trigger "^4.2.1"

rc-tree-select@~4.1.1:
  version "4.1.1"
  resolved "https://registry.yarnpkg.com/rc-tree-select/-/rc-tree-select-4.1.1.tgz#2d3c61f2449de72839eddf94ab876d3f6567692f"
  integrity sha512-pawxt/W1chLpjtAEQe8mXI9C9DYNMGS/BR6eBmOY8cJDK6OWSa6M88S6F0jXc+A10D/CLfHAfF1ZIj7VGse+5Q==
  dependencies:
    "@babel/runtime" "^7.10.1"
    classnames "2.x"
    rc-select "^11.1.1"
    rc-tree "^3.8.0"
    rc-util "^5.0.5"

rc-tree@^3.8.0, rc-tree@~3.9.0:
  version "3.9.3"
  resolved "https://registry.yarnpkg.com/rc-tree/-/rc-tree-3.9.3.tgz#5f52b7b805815996d15e5446e4e367a547470ea9"
  integrity sha512-oztfPQj7JFSoCTzzDpGTZ9sVaPvYXN8jkbZMtjSFaAGTOsLcLAIV3Ac+oUVXJg3fCM+5tj6SaW+KVxUZCKDV7A==
  dependencies:
    "@babel/runtime" "^7.10.1"
    classnames "2.x"
    rc-motion "^1.0.0"
    rc-util "^5.0.0"
    rc-virtual-list "^3.0.1"

rc-trigger@^4.0.0, rc-trigger@^4.2.1, rc-trigger@^4.3.0, rc-trigger@^4.4.0, rc-trigger@~4.4.0:
  version "4.4.0"
  resolved "https://registry.yarnpkg.com/rc-trigger/-/rc-trigger-4.4.0.tgz#52be45c7b40327b297ebacff84d69ce9285606bc"
  integrity sha512-09562wc5I1JUbCdWohcFYJeLTpjKjEqH+0lY7plDtyI9yFXRngrvmqsrSJyT6Nat+C35ymD7fhwCCPq3cfUI4g==
  dependencies:
    "@babel/runtime" "^7.10.1"
    classnames "^2.2.6"
    raf "^3.4.1"
    rc-align "^4.0.0"
    rc-motion "^1.0.0"
    rc-util "^5.0.1"

rc-upload@~3.2.0:
  version "3.2.0"
  resolved "https://registry.yarnpkg.com/rc-upload/-/rc-upload-3.2.0.tgz#251fc3c9105902e808600a414f368f285d63bfba"
  integrity sha512-/vyOGVxl5QVM3ZE7s+GqYPbCLC/Q/vJq0sjdwnvJw01KvAR5kVOC4jbHEaU56dMss7PFGDfNzc8zO5bWYLDzVQ==
  dependencies:
    classnames "^2.2.5"

rc-util@^5.0.0, rc-util@^5.0.1, rc-util@^5.0.4, rc-util@^5.0.5, rc-util@^5.0.6, rc-util@^5.0.7:
  version "5.0.7"
  resolved "https://registry.yarnpkg.com/rc-util/-/rc-util-5.0.7.tgz#125c3a2fd917803afbb685f9eadc789b085dc813"
  integrity sha512-nr98b5aMqqvIqxm16nF+zC3K3f81r+HsflT5E9Encr5itRwV7Vo/5GjJMNds/WiFV33rilq7vzb3xeAbCycmwg==
  dependencies:
    react-is "^16.12.0"
    shallowequal "^1.1.0"

rc-virtual-list@^3.0.1, rc-virtual-list@^3.0.3:
  version "3.0.7"
  resolved "https://registry.yarnpkg.com/rc-virtual-list/-/rc-virtual-list-3.0.7.tgz#f911f00fc93b0433a8ff54630a059b892b60d572"
  integrity sha512-uiv3QVJVvM9FO+/F6FBO7jN8QYVKSXFVwHPi7kvuhieDHIg0jjUKGssn5oJE+rJ8riKglML1QjTCzHF3wxM3Ng==
  dependencies:
    classnames "^2.2.6"
    rc-resize-observer "^0.2.3"
    rc-util "^5.0.7"

react-is@^16.12.0, react-is@^16.7.0:
  version "16.13.1"
  resolved "https://registry.yarnpkg.com/react-is/-/react-is-16.13.1.tgz#789729a4dc36de2999dc156dd6c1d9c18cea56a4"
  integrity sha512-24e6ynE2H+OKt4kqsOvNd8kBpV65zoxbA4BVsEOB3ARVWQki/DHzaUoC5KuON/BiccDaCCTZBuOcfZs70kR8bQ==

redux@^4.0.0:
  version "4.0.5"
  resolved "https://registry.yarnpkg.com/redux/-/redux-4.0.5.tgz#4db5de5816e17891de8a80c424232d06f051d93f"
  integrity sha512-VSz1uMAH24DM6MF72vcojpYPtrTUu3ByVWfPL1nPfVRb5mZVTve5GnNCUV53QM/BZ66xfWrm0CTWoM+Xlz8V1w==
  dependencies:
    loose-envify "^1.4.0"
    symbol-observable "^1.2.0"

regenerator-runtime@^0.13.4:
  version "0.13.7"
  resolved "https://registry.yarnpkg.com/regenerator-runtime/-/regenerator-runtime-0.13.7.tgz#cac2dacc8a1ea675feaabaeb8ae833898ae46f55"
  integrity sha512-a54FxoJDIr27pgf7IgeQGxmqUNYrcV338lf/6gH456HZ/PhX+5BcwHXG9ajESmwe6WRO0tAzRUrRmNONWgkrew==

resize-observer-polyfill@^1.5.0, resize-observer-polyfill@^1.5.1:
  version "1.5.1"
  resolved "https://registry.yarnpkg.com/resize-observer-polyfill/-/resize-observer-polyfill-1.5.1.tgz#0e9020dd3d21024458d4ebd27e23e40269810464"
  integrity sha512-LwZrotdHOo12nQuZlHEmtuXdqGoOD0OhaxopaNFxWzInpEgaLWoVuAMbTzixuosCx2nEG58ngzW3vxdWoxIgdg==

scroll-into-view-if-needed@^2.2.25:
  version "2.2.25"
  resolved "https://registry.yarnpkg.com/scroll-into-view-if-needed/-/scroll-into-view-if-needed-2.2.25.tgz#117b7bc7c61bc7a2b7872a0984bc73a19bc6e961"
  integrity sha512-C8RKJPq9lK7eubwGpLbUkw3lklcG3Ndjmea2PyauzrA0i4DPlzAmVMGxaZrBFqCrVLfvJmP80IyHnv4jxvg1OQ==
  dependencies:
    compute-scroll-into-view "^1.0.14"

semver@^5.6.0:
  version "5.7.1"
  resolved "https://registry.yarnpkg.com/semver/-/semver-5.7.1.tgz#a954f931aeba508d307bbf069eff0c01c96116f7"
  integrity sha512-sauaDf/PZdVgrLTNYHRtpXa1iRiKcaebiKQ1BJdpQlWH2lCvexQdX55snPFyK7QzpudqbCI0qXFfOasHdyNDGQ==

shallowequal@^1.0.2, shallowequal@^1.1.0:
  version "1.1.0"
  resolved "https://registry.yarnpkg.com/shallowequal/-/shallowequal-1.1.0.tgz#188d521de95b9087404fd4dcb68b13df0ae4e7f8"
  integrity sha512-y0m1JoUZSlPAjXVtPPW70aZWfIL/dSP7AFkRnniLCrK/8MDKog3TySTBmckD+RObVxH0v4Tox67+F14PdED2oQ==

source-map@~0.6.0:
  version "0.6.1"
  resolved "https://registry.yarnpkg.com/source-map/-/source-map-0.6.1.tgz#74722af32e9614e9c287a8d0bbde48b5e2f1a263"
  integrity sha512-UjgapumWlbMhkBgzT7Ykc5YXUT46F0iKu8SGXq0bcwP5dz/h0Plj6enJqjz1Zbq2l5WaqYnrVbwWOWMyF3F47g==

string-convert@^0.2.0:
  version "0.2.1"
  resolved "https://registry.yarnpkg.com/string-convert/-/string-convert-0.2.1.tgz#6982cc3049fbb4cd85f8b24568b9d9bf39eeff97"
  integrity sha1-aYLMMEn7tM2F+LJFaLnZvznu/5c=

symbol-observable@^1.2.0:
  version "1.2.0"
  resolved "https://registry.yarnpkg.com/symbol-observable/-/symbol-observable-1.2.0.tgz#c22688aed4eab3cdc2dfeacbb561660560a00804"
  integrity sha512-e900nM8RRtGhlV36KGEU9k65K3mPb1WV70OdjfxlG2EAuM1noi/E/BaW/uMhL7bPEssK8QV57vN3esixjUvcXQ==

tinycolor2@^1.4.1:
  version "1.4.1"
  resolved "https://registry.yarnpkg.com/tinycolor2/-/tinycolor2-1.4.1.tgz#f4fad333447bc0b07d4dc8e9209d8f39a8ac77e8"
  integrity sha1-9PrTM0R7wLB9TcjpIJ2POaisd+g=

toggle-selection@^1.0.6:
  version "1.0.6"
  resolved "https://registry.yarnpkg.com/toggle-selection/-/toggle-selection-1.0.6.tgz#6e45b1263f2017fa0acc7d89d78b15b8bf77da32"
  integrity sha1-bkWxJj8gF/oKzH2J14sVuL932jI=

tslib@^1.10.0:
  version "1.13.0"
  resolved "https://registry.yarnpkg.com/tslib/-/tslib-1.13.0.tgz#c881e13cc7015894ed914862d276436fa9a47043"
  integrity sha512-i/6DQjL8Xf3be4K/E6Wgpekn5Qasl1usyw++dAA35Ue5orEn65VIxOA+YvNNl9HV3qv70T7CNwjODHZrLwvd1Q==

warning@^4.0.1, warning@^4.0.3:
  version "4.0.3"
  resolved "https://registry.yarnpkg.com/warning/-/warning-4.0.3.tgz#16e9e077eb8a86d6af7d64aa1e05fd85b4678ca3"
  integrity sha512-rpJyN222KWIvHJ/F53XSZv0Zl/accqHR8et1kpaMTD/fLCRxtV8iX8czMzY7sVZupTI3zcUTg8eycS2kNF9l6w==
  dependencies:
    loose-envify "^1.0.0"
