# THIS IS AN AUTOGENERATED FILE. DO NOT EDIT THIS FILE DIRECTLY.
# yarn lockfile v1


"@jonjomckay/flow-ui-theme-ant-design@^0.1.1":
  version "0.1.1"
  resolved "https://registry.yarnpkg.com/@jonjomckay/flow-ui-theme-ant-design/-/flow-ui-theme-ant-design-0.1.1.tgz#7cb541416930d4e49cda532bce137dba5c97d686"
  integrity sha512-5vp4aDNEIg/mGXcXsk5sRhMeCw3DIP5Zi74X3+6WSQQFY7LojZvqz9r/0Ih8eV2ouiN098hpWeaqpbrxIoRGBA==
  dependencies:
    "@jonjomckay/flow-ui" "^0.1.1"

"@jonjomckay/flow-ui@^0.1.1":
  version "0.1.1"
  resolved "https://registry.yarnpkg.com/@jonjomckay/flow-ui/-/flow-ui-0.1.1.tgz#e921ccf40ef83c829e3cac922fe3d1c1c9604bbb"
  integrity sha512-GZ6hX9e6LGhWe1bdmwx+LkR3fOOJDzuELFsrLyIZhDLyxk/9EPSToj7pA5Qqtl8V4CpBdjKPM2mfSo0s8oGEbQ==
